
Microsoft Visual Studio Solution File, Format Version 12.00
# Visual Studio Version 16
VisualStudioVersion = 16.0.28803.156
MinimumVisualStudioVersion = 10.0.40219.1
Project("{FAE04EC0-301F-11D3-BF4B-00C04F79EFBC}") = "gxtest", "gxtest\gxtest.csproj", "{45406C54-10CB-4082-A0EF-50C35062E5C7}"
EndProject
Global
	GlobalSection(SolutionConfigurationPlatforms) = preSolution
		Debug|Any CPU = Debug|Any CPU
		Release|Any CPU = Release|Any CPU
	EndGlobalSection
	GlobalSection(ProjectConfigurationPlatforms) = postSolution
		{45406C54-10CB-4082-A0EF-50C35062E5C7}.Debug|Any CPU.ActiveCfg = Debug|Any CPU
		{45406C54-10CB-4082-A0EF-50C35062E5C7}.Debug|Any CPU.Build.0 = Debug|Any CPU
		{45406C54-10CB-4082-A0EF-50C35062E5C7}.Release|Any CPU.ActiveCfg = Release|Any CPU
		{45406C54-10CB-4082-A0EF-50C35062E5C7}.Release|Any CPU.Build.0 = Release|Any CPU
	EndGlobalSection
	GlobalSection(SolutionProperties) = preSolution
		HideSolutionNode = FALSE
	EndGlobalSection
	GlobalSection(ExtensibilityGlobals) = postSolution
		SolutionGuid = {F0C28877-7455-47C2-A14B-4BFD40CF182C}
	EndGlobalSection
EndGlobal
